
Microsoft Visual Studio Solution File, Format Version 12.00
# Visual Studio Version 17
VisualStudioVersion = 17.8.34322.80
MinimumVisualStudioVersion = 10.0.40219.1
Project("{9A19103F-16F7-4668-BE54-9A1E7A4F7556}") = "MB.Domain", "MB.Domain\MB.Domain.csproj", "{838E5704-388F-4391-8283-1557DA7BC706}"
EndProject
Project("{9A19103F-16F7-4668-BE54-9A1E7A4F7556}") = "MB.Application.Contracts", "MB.Application.Contracts\MB.Application.Contracts.csproj", "{D06359D2-010F-4412-A487-A6C4EEC5417E}"
EndProject
Project("{9A19103F-16F7-4668-BE54-9A1E7A4F7556}") = "MB.Application", "MB.Application\MB.Application.csproj", "{7C4AE03A-4C00-4AF1-9B10-68902EA260F0}"
EndProject
Project("{9A19103F-16F7-4668-BE54-9A1E7A4F7556}") = "MB.Infrastructure.EFCore", "MB.Infrastructure.EFCore\MB.Infrastructure.EFCore.csproj", "{54B41C86-C8E1-49C4-837F-DF91AA342A97}"
EndProject
Project("{9A19103F-16F7-4668-BE54-9A1E7A4F7556}") = "MB.Presentation.MVCCore", "MB.Presentation.MVCCore\MB.Presentation.MVCCore.csproj", "{E781C4C8-DB28-4FD1-9236-5D1151028143}"
EndProject
Project("{9A19103F-16F7-4668-BE54-9A1E7A4F7556}") = "MB.Infrastructure.Core", "MB.Infrastructure.Core\MB.Infrastructure.Core.csproj", "{8CEFFFF6-28FE-486D-B6B0-E1CB760E97E3}"
EndProject
Project("{9A19103F-16F7-4668-BE54-9A1E7A4F7556}") = "MB.Infrastructure.Query", "MB.Infrastructure.Query\MB.Infrastructure.Query.csproj", "{49D23093-6CE0-42C6-8389-985A13C5AB13}"
EndProject
Global
	GlobalSection(SolutionConfigurationPlatforms) = preSolution
		Debug|Any CPU = Debug|Any CPU
		Release|Any CPU = Release|Any CPU
	EndGlobalSection
	GlobalSection(ProjectConfigurationPlatforms) = postSolution
		{838E5704-388F-4391-8283-1557DA7BC706}.Debug|Any CPU.ActiveCfg = Debug|Any CPU
		{838E5704-388F-4391-8283-1557DA7BC706}.Debug|Any CPU.Build.0 = Debug|Any CPU
		{838E5704-388F-4391-8283-1557DA7BC706}.Release|Any CPU.ActiveCfg = Release|Any CPU
		{838E5704-388F-4391-8283-1557DA7BC706}.Release|Any CPU.Build.0 = Release|Any CPU
		{D06359D2-010F-4412-A487-A6C4EEC5417E}.Debug|Any CPU.ActiveCfg = Debug|Any CPU
		{D06359D2-010F-4412-A487-A6C4EEC5417E}.Debug|Any CPU.Build.0 = Debug|Any CPU
		{D06359D2-010F-4412-A487-A6C4EEC5417E}.Release|Any CPU.ActiveCfg = Release|Any CPU
		{D06359D2-010F-4412-A487-A6C4EEC5417E}.Release|Any CPU.Build.0 = Release|Any CPU
		{7C4AE03A-4C00-4AF1-9B10-68902EA260F0}.Debug|Any CPU.ActiveCfg = Debug|Any CPU
		{7C4AE03A-4C00-4AF1-9B10-68902EA260F0}.Debug|Any CPU.Build.0 = Debug|Any CPU
		{7C4AE03A-4C00-4AF1-9B10-68902EA260F0}.Release|Any CPU.ActiveCfg = Release|Any CPU
		{7C4AE03A-4C00-4AF1-9B10-68902EA260F0}.Release|Any CPU.Build.0 = Release|Any CPU
		{54B41C86-C8E1-49C4-837F-DF91AA342A97}.Debug|Any CPU.ActiveCfg = Debug|Any CPU
		{54B41C86-C8E1-49C4-837F-DF91AA342A97}.Debug|Any CPU.Build.0 = Debug|Any CPU
		{54B41C86-C8E1-49C4-837F-DF91AA342A97}.Release|Any CPU.ActiveCfg = Release|Any CPU
		{54B41C86-C8E1-49C4-837F-DF91AA342A97}.Release|Any CPU.Build.0 = Release|Any CPU
		{E781C4C8-DB28-4FD1-9236-5D1151028143}.Debug|Any CPU.ActiveCfg = Debug|Any CPU
		{E781C4C8-DB28-4FD1-9236-5D1151028143}.Debug|Any CPU.Build.0 = Debug|Any CPU
		{E781C4C8-DB28-4FD1-9236-5D1151028143}.Release|Any CPU.ActiveCfg = Release|Any CPU
		{E781C4C8-DB28-4FD1-9236-5D1151028143}.Release|Any CPU.Build.0 = Release|Any CPU
		{8CEFFFF6-28FE-486D-B6B0-E1CB760E97E3}.Debug|Any CPU.ActiveCfg = Debug|Any CPU
		{8CEFFFF6-28FE-486D-B6B0-E1CB760E97E3}.Debug|Any CPU.Build.0 = Debug|Any CPU
		{8CEFFFF6-28FE-486D-B6B0-E1CB760E97E3}.Release|Any CPU.ActiveCfg = Release|Any CPU
		{8CEFFFF6-28FE-486D-B6B0-E1CB760E97E3}.Release|Any CPU.Build.0 = Release|Any CPU
		{49D23093-6CE0-42C6-8389-985A13C5AB13}.Debug|Any CPU.ActiveCfg = Debug|Any CPU
		{49D23093-6CE0-42C6-8389-985A13C5AB13}.Debug|Any CPU.Build.0 = Debug|Any CPU
		{49D23093-6CE0-42C6-8389-985A13C5AB13}.Release|Any CPU.ActiveCfg = Release|Any CPU
		{49D23093-6CE0-42C6-8389-985A13C5AB13}.Release|Any CPU.Build.0 = Release|Any CPU
	EndGlobalSection
	GlobalSection(SolutionProperties) = preSolution
		HideSolutionNode = FALSE
	EndGlobalSection
	GlobalSection(ExtensibilityGlobals) = postSolution
		SolutionGuid = {31BE0625-B57A-46AD-BF77-B14E90DAD48B}
	EndGlobalSection
EndGlobal
